Microsoft Visual Studio Solution File, Format Version 12.00
# Visual Studio Version 17
VisualStudioVersion = 17.5.2.0
MinimumVisualStudioVersion = 10.0.40219.1
Project("{FAE04EC0-301F-11D3-BF4B-00C04F79EFBC}") = "ItemProcessor", "ItemProcessor.csproj", "{DBF581BE-213D-7408-CDEB-B1393844B41E}"
EndProject
Global
	GlobalSection(SolutionConfigurationPlatforms) = preSolution
		Debug|Any CPU = Debug|Any CPU
		Release|Any CPU = Release|Any CPU
	EndGlobalSection
	GlobalSection(ProjectConfigurationPlatforms) = postSolution
		{DBF581BE-213D-7408-CDEB-B1393844B41E}.Debug|Any CPU.ActiveCfg = Debug|Any CPU
		{DBF581BE-213D-7408-CDEB-B1393844B41E}.Debug|Any CPU.Build.0 = Debug|Any CPU
		{DBF581BE-213D-7408-CDEB-B1393844B41E}.Release|Any CPU.ActiveCfg = Release|Any CPU
		{DBF581BE-213D-7408-CDEB-B1393844B41E}.Release|Any CPU.Build.0 = Release|Any CPU
	EndGlobalSection
	GlobalSection(SolutionProperties) = preSolution
		HideSolutionNode = FALSE
	EndGlobalSection
	GlobalSection(ExtensibilityGlobals) = postSolution
		SolutionGuid = {D08E1A86-FDCC-411E-B66C-78B3DFFC443E}
	EndGlobalSection
EndGlobal
